
Microsoft Visual Studio Solution File, Format Version 12.00
# Visual Studio Version 16
VisualStudioVersion = 16.0.30114.105
MinimumVisualStudioVersion = 10.0.40219.1
Project("{FAE04EC0-301F-11D3-BF4B-00C04F79EFBC}") = "WirelessRX", "WirelessRX\WirelessRX.csproj", "{2B9F2040-CCA0-480D-A4E4-89A80D0959D0}"
EndProject
Project("{FAE04EC0-301F-11D3-BF4B-00C04F79EFBC}") = "WirelessRXTest", "WirelessRXTest\WirelessRXTest.csproj", "{F1EB2378-7D35-4784-8B6E-5662215CF7B1}"
EndProject
Project("{FAE04EC0-301F-11D3-BF4B-00C04F79EFBC}") = "WirelessRXTestNoreference", "WirelessRXTestNoreference\WirelessRXTestNoreference.csproj", "{B2DE10D9-ADBC-4F1B-9CF7-FBD69D6F54FD}"
EndProject
Global
	GlobalSection(SolutionConfigurationPlatforms) = preSolution
		Debug|Any CPU = Debug|Any CPU
		Release|Any CPU = Release|Any CPU
	EndGlobalSection
	GlobalSection(SolutionProperties) = preSolution
		HideSolutionNode = FALSE
	EndGlobalSection
	GlobalSection(ProjectConfigurationPlatforms) = postSolution
		{2B9F2040-CCA0-480D-A4E4-89A80D0959D0}.Debug|Any CPU.ActiveCfg = Debug|Any CPU
		{2B9F2040-CCA0-480D-A4E4-89A80D0959D0}.Debug|Any CPU.Build.0 = Debug|Any CPU
		{2B9F2040-CCA0-480D-A4E4-89A80D0959D0}.Release|Any CPU.ActiveCfg = Release|Any CPU
		{2B9F2040-CCA0-480D-A4E4-89A80D0959D0}.Release|Any CPU.Build.0 = Release|Any CPU
		{F1EB2378-7D35-4784-8B6E-5662215CF7B1}.Debug|Any CPU.ActiveCfg = Debug|Any CPU
		{F1EB2378-7D35-4784-8B6E-5662215CF7B1}.Debug|Any CPU.Build.0 = Debug|Any CPU
		{F1EB2378-7D35-4784-8B6E-5662215CF7B1}.Release|Any CPU.ActiveCfg = Release|Any CPU
		{F1EB2378-7D35-4784-8B6E-5662215CF7B1}.Release|Any CPU.Build.0 = Release|Any CPU
		{B2DE10D9-ADBC-4F1B-9CF7-FBD69D6F54FD}.Debug|Any CPU.ActiveCfg = Debug|Any CPU
		{B2DE10D9-ADBC-4F1B-9CF7-FBD69D6F54FD}.Debug|Any CPU.Build.0 = Debug|Any CPU
		{B2DE10D9-ADBC-4F1B-9CF7-FBD69D6F54FD}.Release|Any CPU.ActiveCfg = Release|Any CPU
		{B2DE10D9-ADBC-4F1B-9CF7-FBD69D6F54FD}.Release|Any CPU.Build.0 = Release|Any CPU
	EndGlobalSection
EndGlobal
